
Microsoft Visual Studio Solution File, Format Version 12.00
# Visual Studio Version 17
VisualStudioVersion = 17.9.34622.214
MinimumVisualStudioVersion = 10.0.40219.1
Project("{FAE04EC0-301F-11D3-BF4B-00C04F79EFBC}") = "Clients", "Clients\Clients.csproj", "{DE4840CD-D8E8-4DA7-810A-7148538838D6}"
EndProject
Global
	GlobalSection(SolutionConfigurationPlatforms) = preSolution
		Debug|Any CPU = Debug|Any CPU
		Release|Any CPU = Release|Any CPU
	EndGlobalSection
	GlobalSection(ProjectConfigurationPlatforms) = postSolution
		{DE4840CD-D8E8-4DA7-810A-7148538838D6}.Debug|Any CPU.ActiveCfg = Debug|Any CPU
		{DE4840CD-D8E8-4DA7-810A-7148538838D6}.Debug|Any CPU.Build.0 = Debug|Any CPU
		{DE4840CD-D8E8-4DA7-810A-7148538838D6}.Release|Any CPU.ActiveCfg = Release|Any CPU
		{DE4840CD-D8E8-4DA7-810A-7148538838D6}.Release|Any CPU.Build.0 = Release|Any CPU
	EndGlobalSection
	GlobalSection(SolutionProperties) = preSolution
		HideSolutionNode = FALSE
	EndGlobalSection
	GlobalSection(ExtensibilityGlobals) = postSolution
		SolutionGuid = {DFA6BF4E-D097-4231-B446-25054DA519A7}
	EndGlobalSection
EndGlobal
